// !$*UTF8*$!
{
	archiveVersion = 1;
	classes = {
	};
	objectVersion = 50;
	objects = {

/* Begin PBXBuildFile section */
		472A87DD208DF1A100266AC6 /* AppDelegate.swift in Sources */ = {isa = PBXBuildFile; fileRef = 472A87DC208DF1A100266AC6 /* AppDelegate.swift */; };
		472A87DF208DF1A100266AC6 /* ViewController.swift in Sources */ = {isa = PBXBuildFile; fileRef = 472A87DE208DF1A100266AC6 /* ViewController.swift */; };
		472A87E2208DF1A100266AC6 /* Main.storyboard in Resources */ = {isa = PBXBuildFile; fileRef = 472A87E0208DF1A100266AC6 /* Main.storyboard */; };
		472A87E4208DF1A400266AC6 /* Assets.xcassets in Resources */ = {isa = PBXBuildFile; fileRef = 472A87E3208DF1A400266AC6 /* Assets.xcassets */; };
		472A87E7208DF1A400266AC6 /* LaunchScreen.storyboard in Resources */ = {isa = PBXBuildFile; fileRef = 472A87E5208DF1A400266AC6 /* LaunchScreen.storyboard */; };
		472A87F2208DF1A400266AC6 /* omikujiTests.swift in Sources */ = {isa = PBXBuildFile; fileRef = 472A87F1208DF1A400266AC6 /* omikujiTests.swift */; };
		472A87FD208DF1A400266AC6 /* omikujiUITests.swift in Sources */ = {isa = PBXBuildFile; fileRef = 472A87FC208DF1A400266AC6 /* omikujiUITests.swift */; };
/* End PBXBuildFile section */

/* Begin PBXContainerItemProxy section */
		472A87EE208DF1A400266AC6 /* PBXContainerItemProxy */ = {
			isa = PBXContainerItemProxy;
			containerPortal = 472A87D1208DF1A100266AC6 /* Project object */;
			proxyType = 1;
			remoteGlobalIDString = 472A87D8208DF1A100266AC6;
			remoteInfo = omikuji;
		};
		472A87F9208DF1A400266AC6 /* PBXContainerItemProxy */ = {
			isa = PBXContainerItemProxy;
			containerPortal = 472A87D1208DF1A100266AC6 /* Project object */;
			proxyType = 1;
			remoteGlobalIDString = 472A87D8208DF1A100266AC6;
			remoteInfo = omikuji;
		};
/* End PBXContainerItemProxy section */

/* Begin PBXFileReference section */
		472A87D9208DF1A100266AC6 /* omikuji.app */ = {isa = PBXFileReference; explicitFileType = wrapper.application; includeInIndex = 0; path = omikuji.app; sourceTree = BUILT_PRODUCTS_DIR; };
		472A87DC208DF1A100266AC6 /* AppDelegate.swift */ = {isa = PBXFileReference; lastKnownFileType = sourcecode.swift; path = AppDelegate.swift; sourceTree = "<group>"; };
		472A87DE208DF1A100266AC6 /* ViewController.swift */ = {isa = PBXFileReference; lastKnownFileType = sourcecode.swift; path = ViewController.swift; sourceTree = "<group>"; };
		472A87E1208DF1A100266AC6 /* Base */ = {isa = PBXFileReference; lastKnownFileType = file.storyboard; name = Base; path = Base.lproj/Main.storyboard; sourceTree = "<group>"; };
		472A87E3208DF1A400266AC6 /* Assets.xcassets */ = {isa = PBXFileReference; lastKnownFileType = folder.assetcatalog; path = Assets.xcassets; sourceTree = "<group>"; };
		472A87E6208DF1A400266AC6 /* Base */ = {isa = PBXFileReference; lastKnownFileType = file.storyboard; name = Base; path = Base.lproj/LaunchScreen.storyboard; sourceTree = "<group>"; };
		472A87E8208DF1A400266AC6 /* Info.plist */ = {isa = PBXFileReference; lastKnownFileType = text.plist.xml; path = Info.plist; sourceTree = "<group>"; };
		472A87ED208DF1A400266AC6 /* omikujiTests.xctest */ = {isa = PBXFileReference; explicitFileType = wrapper.cfbundle; includeInIndex = 0; path = omikujiTests.xctest; sourceTree = BUILT_PRODUCTS_DIR; };
		472A87F1208DF1A400266AC6 /* omikujiTests.swift */ = {isa = PBXFileReference; lastKnownFileType = sourcecode.swift; path = omikujiTests.swift; sourceTree = "<group>"; };
		472A87F3208DF1A400266AC6 /* Info.plist */ = {isa = PBXFileReference; lastKnownFileType = text.plist.xml; path = Info.plist; sourceTree = "<group>"; };
		472A87F8208DF1A400266AC6 /* omikujiUITests.xctest */ = {isa = PBXFileReference; explicitFileType = wrapper.cfbundle; includeInIndex = 0; path = omikujiUITests.xctest; sourceTree = BUILT_PRODUCTS_DIR; };
		472A87FC208DF1A400266AC6 /* omikujiUITests.swift */ = {isa = PBXFileReference; lastKnownFileType = sourcecode.swift; path = omikujiUITests.swift; sourceTree = "<group>"; };
		472A87FE208DF1A400266AC6 /* Info.plist */ = {isa = PBXFileReference; lastKnownFileType = text.plist.xml; path = Info.plist; sourceTree = "<group>"; };
/* End PBXFileReference section */

/* Begin PBXFrameworksBuildPhase section */
		472A87D6208DF1A100266AC6 /* Frameworks */ = {
			isa = PBXFrameworksBuildPhase;
			buildActionMask = 2147483647;
			files = (
			);
			runOnlyForDeploymentPostprocessing = 0;
		};
		472A87EA208DF1A400266AC6 /* Frameworks */ = {
			isa = PBXFrameworksBuildPhase;
			buildActionMask = 2147483647;
			files = (
			);
			runOnlyForDeploymentPostprocessing = 0;
		};
		472A87F5208DF1A400266AC6 /* Frameworks */ = {
			isa = PBXFrameworksBuildPhase;
			buildActionMask = 2147483647;
			files = (
			);
			runOnlyForDeploymentPostprocessing = 0;
		};
/* End PBXFrameworksBuildPhase section */

/* Begin PBXGroup section */
		472A87D0208DF1A100266AC6 = {
			isa = PBXGroup;
			children = (
				472A87DB208DF1A100266AC6 /* omikuji */,
				472A87F0208DF1A400266AC6 /* omikujiTests */,
				472A87FB208DF1A400266AC6 /* omikujiUITests */,
				472A87DA208DF1A100266AC6 /* Products */,
			);
			sourceTree = "<group>";
		};
		472A87DA208DF1A100266AC6 /* Products */ = {
			isa = PBXGroup;
			children = (
				472A87D9208DF1A100266AC6 /* omikuji.app */,
				472A87ED208DF1A400266AC6 /* omikujiTests.xctest */,
				472A87F8208DF1A400266AC6 /* omikujiUITests.xctest */,
			);
			name = Products;
			sourceTree = "<group>";
		};
		472A87DB208DF1A100266AC6 /* omikuji */ = {
			isa = PBXGroup;
			children = (
				472A87DC208DF1A100266AC6 /* AppDelegate.swift */,
				472A87DE208DF1A100266AC6 /* ViewController.swift */,
				472A87E0208DF1A100266AC6 /* Main.storyboard */,
				472A87E3208DF1A400266AC6 /* Assets.xcassets */,
				472A87E5208DF1A400266AC6 /* LaunchScreen.storyboard */,
				472A87E8208DF1A400266AC6 /* Info.plist */,
			);
			path = omikuji;
			sourceTree = "<group>";
		};
		472A87F0208DF1A400266AC6 /* omikujiTests */ = {
			isa = PBXGroup;
			children = (
				472A87F1208DF1A400266AC6 /* omikujiTests.swift */,
				472A87F3208DF1A400266AC6 /* Info.plist */,
			);
			path = omikujiTests;
			sourceTree = "<group>";
		};
		472A87FB208DF1A400266AC6 /* omikujiUITests */ = {
			isa = PBXGroup;
			children = (
				472A87FC208DF1A400266AC6 /* omikujiUITests.swift */,
				472A87FE208DF1A400266AC6 /* Info.plist */,
			);
			path = omikujiUITests;
			sourceTree = "<group>";
		};
/* End PBXGroup section */

/* Begin PBXNativeTarget section */
		472A87D8208DF1A100266AC6 /* omikuji */ = {
			isa = PBXNativeTarget;
			buildConfigurationList = 472A8801208DF1A400266AC6 /* Build configuration list for PBXNativeTarget "omikuji" */;
			buildPhases = (
				472A87D5208DF1A100266AC6 /* Sources */,
				472A87D6208DF1A100266AC6 /* Frameworks */,
				472A87D7208DF1A100266AC6 /* Resources */,
			);
			buildRules = (
			);
			dependencies = (
			);
			name = omikuji;
			productName = omikuji;
			productReference = 472A87D9208DF1A100266AC6 /* omikuji.app */;
			productType = "com.apple.product-type.application";
		};
		472A87EC208DF1A400266AC6 /* omikujiTests */ = {
			isa = PBXNativeTarget;
			buildConfigurationList = 472A8804208DF1A400266AC6 /* Build configuration list for PBXNativeTarget "omikujiTests" */;
			buildPhases = (
				472A87E9208DF1A400266AC6 /* Sources */,
				472A87EA208DF1A400266AC6 /* Frameworks */,
				472A87EB208DF1A400266AC6 /* Resources */,
			);
			buildRules = (
			);
			dependencies = (
				472A87EF208DF1A400266AC6 /* PBXTargetDependency */,
			);
			name = omikujiTests;
			productName = omikujiTests;
			productReference = 472A87ED208DF1A400266AC6 /* omikujiTests.xctest */;
			productType = "com.apple.product-type.bundle.unit-test";
		};
		472A87F7208DF1A400266AC6 /* omikujiUITests */ = {
			isa = PBXNativeTarget;
			buildConfigurationList = 472A8807208DF1A400266AC6 /* Build configuration list for PBXNativeTarget "omikujiUITests" */;
			buildPhases = (
				472A87F4208DF1A400266AC6 /* Sources */,
				472A87F5208DF1A400266AC6 /* Frameworks */,
				472A87F6208DF1A400266AC6 /* Resources */,
			);
			buildRules = (
			);
			dependencies = (
				472A87FA208DF1A400266AC6 /* PBXTargetDependency */,
			);
			name = omikujiUITests;
			productName = omikujiUITests;
			productReference = 472A87F8208DF1A400266AC6 /* omikujiUITests.xctest */;
			productType = "com.apple.product-type.bundle.ui-testing";
		};
/* End PBXNativeTarget section */

/* Begin PBXProject section */
		472A87D1208DF1A100266AC6 /* Project object */ = {
			isa = PBXProject;
			attributes = {
				LastSwiftUpdateCheck = 0930;
				LastUpgradeCheck = 0930;
				ORGANIZATIONNAME = jako;
				TargetAttributes = {
					472A87D8208DF1A100266AC6 = {
						CreatedOnToolsVersion = 9.3;
					};
					472A87EC208DF1A400266AC6 = {
						CreatedOnToolsVersion = 9.3;
						TestTargetID = 472A87D8208DF1A100266AC6;
					};
					472A87F7208DF1A400266AC6 = {
						CreatedOnToolsVersion = 9.3;
						TestTargetID = 472A87D8208DF1A100266AC6;
					};
				};
			};
			buildConfigurationList = 472A87D4208DF1A100266AC6 /* Build configuration list for PBXProject "omikuji" */;
			compatibilityVersion = "Xcode 9.3";
			developmentRegion = en;
			hasScannedForEncodings = 0;
			knownRegions = (
				en,
				Base,
			);
			mainGroup = 472A87D0208DF1A100266AC6;
			productRefGroup = 472A87DA208DF1A100266AC6 /* Products */;
			projectDirPath = "";
			projectRoot = "";
			targets = (
				472A87D8208DF1A100266AC6 /* omikuji */,
				472A87EC208DF1A400266AC6 /* omikujiTests */,
				472A87F7208DF1A400266AC6 /* omikujiUITests */,
			);
		};
/* End PBXProject section */

/* Begin PBXResourcesBuildPhase section */
		472A87D7208DF1A100266AC6 /* Resources */ = {
			isa = PBXResourcesBuildPhase;
			buildActionMask = 2147483647;
			files = (
				472A87E7208DF1A400266AC6 /* LaunchScreen.storyboard in Resources */,
				472A87E4208DF1A400266AC6 /* Assets.xcassets in Resources */,
				472A87E2208DF1A100266AC6 /* Main.storyboard in Resources */,
			);
			runOnlyForDeploymentPostprocessing = 0;
		};
		472A87EB208DF1A400266AC6 /* Resources */ = {
			isa = PBXResourcesBuildPhase;
			buildActionMask = 2147483647;
			files = (
			);
			runOnlyForDeploymentPostprocessing = 0;
		};
		472A87F6208DF1A400266AC6 /* Resources */ = {
			isa = PBXResourcesBuildPhase;
			buildActionMask = 2147483647;
			files = (
			);
			runOnlyForDeploymentPostprocessing = 0;
		};
/* End PBXResourcesBuildPhase section */

/* Begin PBXSourcesBuildPhase section */
		472A87D5208DF1A100266AC6 /* Sources */ = {
			isa = PBXSourcesBuildPhase;
			buildActionMask = 2147483647;
			files = (
				472A87DF208DF1A100266AC6 /* ViewController.swift in Sources */,
				472A87DD208DF1A100266AC6 /* AppDelegate.swift in Sources */,
			);
			runOnlyForDeploymentPostprocessing = 0;
		};
		472A87E9208DF1A400266AC6 /* Sources */ = {
			isa = PBXSourcesBuildPhase;
			buildActionMask = 2147483647;
			files = (
				472A87F2208DF1A400266AC6 /* omikujiTests.swift in Sources */,
			);
			runOnlyForDeploymentPostprocessing = 0;
		};
		472A87F4208DF1A400266AC6 /* Sources */ = {
			isa = PBXSourcesBuildPhase;
			buildActionMask = 2147483647;
			files = (
				472A87FD208DF1A400266AC6 /* omikujiUITests.swift in Sources */,
			);
			runOnlyForDeploymentPostprocessing = 0;
		};
/* End PBXSourcesBuildPhase section */

/* Begin PBXTargetDependency section */
		472A87EF208DF1A400266AC6 /* PBXTargetDependency */ = {
			isa = PBXTargetDependency;
			target = 472A87D8208DF1A100266AC6 /* omikuji */;
			targetProxy = 472A87EE208DF1A400266AC6 /* PBXContainerItemProxy */;
		};
		472A87FA208DF1A400266AC6 /* PBXTargetDependency */ = {
			isa = PBXTargetDependency;
			target = 472A87D8208DF1A100266AC6 /* omikuji */;
			targetProxy = 472A87F9208DF1A400266AC6 /* PBXContainerItemProxy */;
		};
/* End PBXTargetDependency section */

/* Begin PBXVariantGroup section */
		472A87E0208DF1A100266AC6 /* Main.storyboard */ = {
			isa = PBXVariantGroup;
			children = (
				472A87E1208DF1A100266AC6 /* Base */,
			);
			name = Main.storyboard;
			sourceTree = "<group>";
		};
		472A87E5208DF1A400266AC6 /* LaunchScreen.storyboard */ = {
			isa = PBXVariantGroup;
			children = (
				472A87E6208DF1A400266AC6 /* Base */,
			);
			name = LaunchScreen.storyboard;
			sourceTree = "<group>";
		};
/* End PBXVariantGroup section */

/* Begin XCBuildConfiguration section */
		472A87FF208DF1A400266AC6 /* Debug */ = {
			isa = XCBuildConfiguration;
			buildSettings = {
				ALWAYS_SEARCH_USER_PATHS = NO;
				CLANG_ANALYZER_NONNULL = YES;
				CLANG_ANALYZER_NUMBER_OBJECT_CONVERSION = YES_AGGRESSIVE;
				CLANG_CXX_LANGUAGE_STANDARD = "gnu++14";
				CLANG_CXX_LIBRARY = "libc++";
				CLANG_ENABLE_MODULES = YES;
				CLANG_ENABLE_OBJC_ARC = YES;
				CLANG_ENABLE_OBJC_WEAK = YES;
				CLANG_WARN_BLOCK_CAPTURE_AUTORELEASING = YES;
				CLANG_WARN_BOOL_CONVERSION = YES;
				CLANG_WARN_COMMA = YES;
				CLANG_WARN_CONSTANT_CONVERSION = YES;
				CLANG_WARN_DEPRECATED_OBJC_IMPLEMENTATIONS = YES;
				CLANG_WARN_DIRECT_OBJC_ISA_USAGE = YES_ERROR;
				CLANG_WARN_DOCUMENTATION_COMMENTS = YES;
				CLANG_WARN_EMPTY_BODY = YES;
				CLANG_WARN_ENUM_CONVERSION = YES;
				CLANG_WARN_INFINITE_RECURSION = YES;
				CLANG_WARN_INT_CONVERSION = YES;
				CLANG_WARN_NON_LITERAL_NULL_CONVERSION = YES;
				CLANG_WARN_OBJC_IMPLICIT_RETAIN_SELF = YES;
				CLANG_WARN_OBJC_LITERAL_CONVERSION = YES;
				CLANG_WARN_OBJC_ROOT_CLASS = YES_ERROR;
				CLANG_WARN_RANGE_LOOP_ANALYSIS = YES;
				CLANG_WARN_STRICT_PROTOTYPES = YES;
				CLANG_WARN_SUSPICIOUS_MOVE = YES;
				CLANG_WARN_UNGUARDED_AVAILABILITY = YES_AGGRESSIVE;
				CLANG_WARN_UNREACHABLE_CODE = YES;
				CLANG_WARN__DUPLICATE_METHOD_MATCH = YES;
				CODE_SIGN_IDENTITY = "iPhone Developer";
				COPY_PHASE_STRIP = NO;
				DEBUG_INFORMATION_FORMAT = dwarf;
				ENABLE_STRICT_OBJC_MSGSEND = YES;
				ENABLE_TESTABILITY = YES;
				GCC_C_LANGUAGE_STANDARD = gnu11;
				GCC_DYNAMIC_NO_PIC = NO;
				GCC_NO_COMMON_BLOCKS = YES;
				GCC_OPTIMIZATION_LEVEL = 0;
				GCC_PREPROCESSOR_DEFINITIONS = (
					"DEBUG=1",
					"$(inherited)",
				);
				GCC_WARN_64_TO_32_BIT_CONVERSION = YES;
				GCC_WARN_ABOUT_RETURN_TYPE = YES_ERROR;
				GCC_WARN_UNDECLARED_SELECTOR = YES;
				GCC_WARN_UNINITIALIZED_AUTOS = YES_AGGRESSIVE;
				GCC_WARN_UNUSED_FUNCTION = YES;
				GCC_WARN_UNUSED_VARIABLE = YES;
				IPHONEOS_DEPLOYMENT_TARGET = 11.3;
				MTL_ENABLE_DEBUG_INFO = YES;
				ONLY_ACTIVE_ARCH = YES;
				SDKROOT = iphoneos;
				SWIFT_ACTIVE_COMPILATION_CONDITIONS = DEBUG;
				SWIFT_OPTIMIZATION_LEVEL = "-Onone";
			};
			name = Debug;
		};
		472A8800208DF1A400266AC6 /* Release */ = {
			isa = XCBuildConfiguration;
			buildSettings = {
				ALWAYS_SEARCH_USER_PATHS = NO;
				CLANG_ANALYZER_NONNULL = YES;
				CLANG_ANALYZER_NUMBER_OBJECT_CONVERSION = YES_AGGRESSIVE;
				CLANG_CXX_LANGUAGE_STANDARD = "gnu++14";
				CLANG_CXX_LIBRARY = "libc++";
				CLANG_ENABLE_MODULES = YES;
				CLANG_ENABLE_OBJC_ARC = YES;
				CLANG_ENABLE_OBJC_WEAK = YES;
				CLANG_WARN_BLOCK_CAPTURE_AUTORELEASING = YES;
				CLANG_WARN_BOOL_CONVERSION = YES;
				CLANG_WARN_COMMA = YES;
				CLANG_WARN_CONSTANT_CONVERSION = YES;
				CLANG_WARN_DEPRECATED_OBJC_IMPLEMENTATIONS = YES;
				CLANG_WARN_DIRECT_OBJC_ISA_USAGE = YES_ERROR;
				CLANG_WARN_DOCUMENTATION_COMMENTS = YES;
				CLANG_WARN_EMPTY_BODY = YES;
				CLANG_WARN_ENUM_CONVERSION = YES;
				CLANG_WARN_INFINITE_RECURSION = YES;
				CLANG_WARN_INT_CONVERSION = YES;
				CLANG_WARN_NON_LITERAL_NULL_CONVERSION = YES;
				CLANG_WARN_OBJC_IMPLICIT_RETAIN_SELF = YES;
				CLANG_WARN_OBJC_LITERAL_CONVERSION = YES;
				CLANG_WARN_OBJC_ROOT_CLASS = YES_ERROR;
				CLANG_WARN_RANGE_LOOP_ANALYSIS = YES;
				CLANG_WARN_STRICT_PROTOTYPES = YES;
				CLANG_WARN_SUSPICIOUS_MOVE = YES;
				CLANG_WARN_UNGUARDED_AVAILABILITY = YES_AGGRESSIVE;
				CLANG_WARN_UNREACHABLE_CODE = YES;
				CLANG_WARN__DUPLICATE_METHOD_MATCH = YES;
				CODE_SIGN_IDENTITY = "iPhone Developer";
				COPY_PHASE_STRIP = NO;
				DEBUG_INFORMATION_FORMAT = "dwarf-with-dsym";
				ENABLE_NS_ASSERTIONS = NO;
				ENABLE_STRICT_OBJC_MSGSEND = YES;
				GCC_C_LANGUAGE_STANDARD = gnu11;
				GCC_NO_COMMON_BLOCKS = YES;
				GCC_WARN_64_TO_32_BIT_CONVERSION = YES;
				GCC_WARN_ABOUT_RETURN_TYPE = YES_ERROR;
				GCC_WARN_UNDECLARED_SELECTOR = YES;
				GCC_WARN_UNINITIALIZED_AUTOS = YES_AGGRESSIVE;
				GCC_WARN_UNUSED_FUNCTION = YES;
				GCC_WARN_UNUSED_VARIABLE = YES;
				IPHONEOS_DEPLOYMENT_TARGET = 11.3;
				MTL_ENABLE_DEBUG_INFO = NO;
				SDKROOT = iphoneos;
				SWIFT_COMPILATION_MODE = wholemodule;
				SWIFT_OPTIMIZATION_LEVEL = "-O";
				VALIDATE_PRODUCT = YES;
			};
			name = Release;
		};
		472A8802208DF1A400266AC6 /* Debug */ = {
			isa = XCBuildConfiguration;
			buildSettings = {
				ASSETCATALOG_COMPILER_APPICON_NAME = AppIcon;
				CODE_SIGN_STYLE = Automatic;
				INFOPLIST_FILE = omikuji/Info.plist;
				LD_RUNPATH_SEARCH_PATHS = (
					"$(inherited)",
					"@executable_path/Frameworks",
				);
				PRODUCT_BUNDLE_IDENTIFIER = jako.test.omikuji;
				PRODUCT_NAME = "$(TARGET_NAME)";
				SWIFT_VERSION = 4.0;
				TARGETED_DEVICE_FAMILY = "1,2";
			};
			name = Debug;
		};
		472A8803208DF1A400266AC6 /* Release */ = {
			isa = XCBuildConfiguration;
			buildSettings = {
				ASSETCATALOG_COMPILER_APPICON_NAME = AppIcon;
				CODE_SIGN_STYLE = Automatic;
				INFOPLIST_FILE = omikuji/Info.plist;
				LD_RUNPATH_SEARCH_PATHS = (
					"$(inherited)",
					"@executable_path/Frameworks",
				);
				PRODUCT_BUNDLE_IDENTIFIER = jako.test.omikuji;
				PRODUCT_NAME = "$(TARGET_NAME)";
				SWIFT_VERSION = 4.0;
				TARGETED_DEVICE_FAMILY = "1,2";
			};
			name = Release;
		};
		472A8805208DF1A400266AC6 /* Debug */ = {
			isa = XCBuildConfiguration;
			buildSettings = {
				ALWAYS_EMBED_SWIFT_STANDARD_LIBRARIES = YES;
				BUNDLE_LOADER = "$(TEST_HOST)";
				CODE_SIGN_STYLE = Automatic;
				INFOPLIST_FILE = omikujiTests/Info.plist;
				LD_RUNPATH_SEARCH_PATHS = (
					"$(inherited)",
					"@executable_path/Frameworks",
					"@loader_path/Frameworks",
				);
				PRODUCT_BUNDLE_IDENTIFIER = jako.test.omikujiTests;
				PRODUCT_NAME = "$(TARGET_NAME)";
				SWIFT_VERSION = 4.0;
				TARGETED_DEVICE_FAMILY = "1,2";
				TEST_HOST = "$(BUILT_PRODUCTS_DIR)/omikuji.app/omikuji";
			};
			name = Debug;
		};
		472A8806208DF1A400266AC6 /* Release */ = {
			isa = XCBuildConfiguration;
			buildSettings = {
				ALWAYS_EMBED_SWIFT_STANDARD_LIBRARIES = YES;
				BUNDLE_LOADER = "$(TEST_HOST)";
				CODE_SIGN_STYLE = Automatic;
				INFOPLIST_FILE = omikujiTests/Info.plist;
				LD_RUNPATH_SEARCH_PATHS = (
					"$(inherited)",
					"@executable_path/Frameworks",
					"@loader_path/Frameworks",
				);
				PRODUCT_BUNDLE_IDENTIFIER = jako.test.omikujiTests;
				PRODUCT_NAME = "$(TARGET_NAME)";
				SWIFT_VERSION = 4.0;
				TARGETED_DEVICE_FAMILY = "1,2";
				TEST_HOST = "$(BUILT_PRODUCTS_DIR)/omikuji.app/omikuji";
			};
			name = Release;
		};
		472A8808208DF1A400266AC6 /* Debug */ = {
			isa = XCBuildConfiguration;
			buildSettings = {
				ALWAYS_EMBED_SWIFT_STANDARD_LIBRARIES = YES;
				CODE_SIGN_STYLE = Automatic;
				INFOPLIST_FILE = omikujiUITests/Info.plist;
				LD_RUNPATH_SEARCH_PATHS = (
					"$(inherited)",
					"@executable_path/Frameworks",
					"@loader_path/Frameworks",
				);
				PRODUCT_BUNDLE_IDENTIFIER = jako.test.omikujiUITests;
				PRODUCT_NAME = "$(TARGET_NAME)";
				SWIFT_VERSION = 4.0;
				TARGETED_DEVICE_FAMILY = "1,2";
				TEST_TARGET_NAME = omikuji;
			};
			name = Debug;
		};
		472A8809208DF1A400266AC6 /* Release */ = {
			isa = XCBuildConfiguration;
			buildSettings = {
				ALWAYS_EMBED_SWIFT_STANDARD_LIBRARIES = YES;
				CODE_SIGN_STYLE = Automatic;
				INFOPLIST_FILE = omikujiUITests/Info.plist;
				LD_RUNPATH_SEARCH_PATHS = (
					"$(inherited)",
					"@executable_path/Frameworks",
					"@loader_path/Frameworks",
				);
				PRODUCT_BUNDLE_IDENTIFIER = jako.test.omikujiUITests;
				PRODUCT_NAME = "$(TARGET_NAME)";
				SWIFT_VERSION = 4.0;
				TARGETED_DEVICE_FAMILY = "1,2";
				TEST_TARGET_NAME = omikuji;
			};
			name = Release;
		};
/* End XCBuildConfiguration section */

/* Begin XCConfigurationList section */
		472A87D4208DF1A100266AC6 /* Build configuration list for PBXProject "omikuji" */ = {
			isa = XCConfigurationList;
			buildConfigurations = (
				472A87FF208DF1A400266AC6 /* Debug */,
				472A8800208DF1A400266AC6 /* Release */,
			);
			defaultConfigurationIsVisible = 0;
			defaultConfigurationName = Release;
		};
		472A8801208DF1A400266AC6 /* Build configuration list for PBXNativeTarget "omikuji" */ = {
			isa = XCConfigurationList;
			buildConfigurations = (
				472A8802208DF1A400266AC6 /* Debug */,
				472A8803208DF1A400266AC6 /* Release */,
			);
			defaultConfigurationIsVisible = 0;
			defaultConfigurationName = Release;
		};
		472A8804208DF1A400266AC6 /* Build configuration list for PBXNativeTarget "omikujiTests" */ = {
			isa = XCConfigurationList;
			buildConfigurations = (
				472A8805208DF1A400266AC6 /* Debug */,
				472A8806208DF1A400266AC6 /* Release */,
			);
			defaultConfigurationIsVisible = 0;
			defaultConfigurationName = Release;
		};
		472A8807208DF1A400266AC6 /* Build configuration list for PBXNativeTarget "omikujiUITests" */ = {
			isa = XCConfigurationList;
			buildConfigurations = (
				472A8808208DF1A400266AC6 /* Debug */,
				472A8809208DF1A400266AC6 /* Release */,
			);
			defaultConfigurationIsVisible = 0;
			defaultConfigurationName = Release;
		};
/* End XCConfigurationList section */
	};
	rootObject = 472A87D1208DF1A100266AC6 /* Project object */;
}
